// !$*UTF8*$!
{
	archiveVersion = 1;
	classes = {
	};
	objectVersion = 46;
	objects = {

/* Begin PBXBuildFile section */
		BB84968F1D3F74820093606A /* Assets.xcassets in Resources */ = {isa = PBXBuildFile; fileRef = BB84968E1D3F74820093606A /* Assets.xcassets */; };
		BB8496921D3F74820093606A /* LaunchScreen.storyboard in Resources */ = {isa = PBXBuildFile; fileRef = BB8496901D3F74820093606A /* LaunchScreen.storyboard */; };
		BB84969D1D3F74820093606A /* POWERTests.swift in Sources */ = {isa = PBXBuildFile; fileRef = BB84969C1D3F74820093606A /* POWERTests.swift */; };
		BB8496A81D3F74820093606A /* POWERUITests.swift in Sources */ = {isa = PBXBuildFile; fileRef = BB8496A71D3F74820093606A /* POWERUITests.swift */; };		
		28AC4CB49D18B251294F8742 /* EmptyDatasource.plist in Resources */ = {isa = PBXBuildFile; fileRef = 13584133A77290BDC4E817FD /* EmptyDatasource.plist */; };
		D2914BD496D36939CB48694B /* ContactInformationViewController.swift in Sources */ = {isa = PBXBuildFile; fileRef = 5E6049D7ACE49EAD1FF69041 /* ContactInformationViewController.swift */; };
		2B4B4C879C012A367527C920 /* EmployeesDetailViewController.swift in Sources */ = {isa = PBXBuildFile; fileRef = 4A6940D39C950B06687F5A44 /* EmployeesDetailViewController.swift */; };
		49F54BAFB78E31035A70564A /* EmployeesFilterViewController.swift in Sources */ = {isa = PBXBuildFile; fileRef = 19D04F0C99E8694ED49147A0 /* EmployeesFilterViewController.swift */; };
		B88E443096277D0108759254 /* EmployeesFormViewController.swift in Sources */ = {isa = PBXBuildFile; fileRef = 600744B182E589BD503ACCD4 /* EmployeesFormViewController.swift */; };
		BC3F45EAB328CDC65C7812E0 /* EmployeesViewController.swift in Sources */ = {isa = PBXBuildFile; fileRef = C92540DE8B70F1105B00606F /* EmployeesViewController.swift */; };
		FDAF4DFB9D41A16D309D672A /* MainMenuViewController.swift in Sources */ = {isa = PBXBuildFile; fileRef = 98EB4D4B9009A62C5DCBBB5F /* MainMenuViewController.swift */; };
		C047444BB57427626C083E66 /* MenuViewController.swift in Sources */ = {isa = PBXBuildFile; fileRef = A75C4024B375525A6C0F608B /* MenuViewController.swift */; };
		9F674F56AD1F1A42AF03ED2A /* NewsDetailViewController.swift in Sources */ = {isa = PBXBuildFile; fileRef = 7C4649E899D3D3AC9F02749A /* NewsDetailViewController.swift */; };
		4FF84673968610AE3A862300 /* NewsViewController.swift in Sources */ = {isa = PBXBuildFile; fileRef = F63C44DBBA69875F09C6FD03 /* NewsViewController.swift */; };
		E93149668B5185C71BAF162B /* StatusDetailViewController.swift in Sources */ = {isa = PBXBuildFile; fileRef = 0FC44C4DAA160657A336E758 /* StatusDetailViewController.swift */; };
		F5124A71A6F15AC860135E0A /* StatusFilterViewController.swift in Sources */ = {isa = PBXBuildFile; fileRef = 9D96406B93E47A7F40B31BDF /* StatusFilterViewController.swift */; };
		2695483796D4D43511885B35 /* StatusFormViewController.swift in Sources */ = {isa = PBXBuildFile; fileRef = 20AE402C8E827839A48F94FB /* StatusFormViewController.swift */; };
		E270407BB0D46F95ECCAA6C5 /* StatusViewController.swift in Sources */ = {isa = PBXBuildFile; fileRef = BC0149678AEC609D4EB15179 /* StatusViewController.swift */; };
		B55D4170890A46E6949DF206 /* DatasourceConfig.swift in Sources */ = {isa = PBXBuildFile; fileRef = 8E29443297AF72375874A613 /* DatasourceConfig.swift */; };
		F46745C583BDD500FD4FDF3F /* DatasourceManager.swift in Sources */ = {isa = PBXBuildFile; fileRef = 808D4F11A1F84DFB65106596 /* DatasourceManager.swift */; };
		8F2D455E970660979EC19724 /* EmployeesDBDSItem.swift in Sources */ = {isa = PBXBuildFile; fileRef = 314E4BE2B1C07ABDDECFCB7F /* EmployeesDBDSItem.swift */; };
		8B6E4FA39EEA8704CC67FDA9 /* Item1.swift in Sources */ = {isa = PBXBuildFile; fileRef = BB874DC78467D3F8554F503F /* Item1.swift */; };
		3A35428FA2E251630896DDA6 /* NewsScreen1DSItem.swift in Sources */ = {isa = PBXBuildFile; fileRef = C83B4CD3B2803110D736B387 /* NewsScreen1DSItem.swift */; };
		2E7C4C4BB97118E04362BCF9 /* StatusScreen1DSItem.swift in Sources */ = {isa = PBXBuildFile; fileRef = 1436495CB8F215346DF421A2 /* StatusScreen1DSItem.swift */; };
		76DD40A19AF1608A2C23224A /* Action.swift in Sources */ = {isa = PBXBuildFile; fileRef = F7FE4E4895ACEE290B60E1EA /* Action.swift */; };
		2094428B9715D27648164978 /* LinkAction.swift in Sources */ = {isa = PBXBuildFile; fileRef = 46AD4683870D4B05A556C1A1 /* LinkAction.swift */; };
		A0FC442A989995760EBF5CD1 /* MailAction.swift in Sources */ = {isa = PBXBuildFile; fileRef = B45248129D6C55195834A43B /* MailAction.swift */; };
		954F40F3AEC8FA220B4AE450 /* MapAction.swift in Sources */ = {isa = PBXBuildFile; fileRef = 0BF340A28C50203CD319381E /* MapAction.swift */; };
		782641FD8E1E33D546D17A2D /* NavigationAction.swift in Sources */ = {isa = PBXBuildFile; fileRef = C7E94061ADACEB1A8ACBB964 /* NavigationAction.swift */; };
		FDDB4293A250BB6164E87520 /* NavigationPushAction.swift in Sources */ = {isa = PBXBuildFile; fileRef = A4A74464B2BA3228D33031B6 /* NavigationPushAction.swift */; };
		62704A28A020C69A84335D40 /* PhoneAction.swift in Sources */ = {isa = PBXBuildFile; fileRef = 1F41476CB6AAC088285701DD /* PhoneAction.swift */; };
		AB1B4BDD8E4C3DBCDAF614A4 /* SlidingAction.swift in Sources */ = {isa = PBXBuildFile; fileRef = 74954C9FAFA60DD01ED31480 /* SlidingAction.swift */; };
		C9CD4AD2B936D6495BF96876 /* UriAction.swift in Sources */ = {isa = PBXBuildFile; fileRef = 7F4343C09EBEEDC7EB72BD5B /* UriAction.swift */; };
		1C2F473382C1AE706F20F662 /* Analytics.swift in Sources */ = {isa = PBXBuildFile; fileRef = 9DE04ED6952E061E7268C6AE /* Analytics.swift */; };
		20C947E5869606E171C4C7F2 /* AnalyticsManager.swift in Sources */ = {isa = PBXBuildFile; fileRef = 5E384EE087FEFE29FC809E54 /* AnalyticsManager.swift */; };
		EBD0457C9CEE227B68733AAE /* Logger.swift in Sources */ = {isa = PBXBuildFile; fileRef = 750040D7A703D34CB8BE2C66 /* Logger.swift */; };
		FAAA47498442E59A5B51B310 /* LoggerLevel.swift in Sources */ = {isa = PBXBuildFile; fileRef = 48BF4C2DB5B38D3043BFFF88 /* LoggerLevel.swift */; };
		219F419EB2188C2332C7CE87 /* Behavior.swift in Sources */ = {isa = PBXBuildFile; fileRef = CC824E78965959FF288CBC0F /* Behavior.swift */; };
		45884724A77A7734434E5395 /* CreateBehavior.swift in Sources */ = {isa = PBXBuildFile; fileRef = 99904716BFF7C3C0AC397764 /* CreateBehavior.swift */; };
		44604EB0BD47F3EA5553920B /* FilterBehavior.swift in Sources */ = {isa = PBXBuildFile; fileRef = 846C48F8AAEEA605F97243E7 /* FilterBehavior.swift */; };
		178C461E801231A46AAF632F /* SearchBehavior.swift in Sources */ = {isa = PBXBuildFile; fileRef = 18684329913FF66CBDFABCC0 /* SearchBehavior.swift */; };
		55CB40C49A6F3C44B9F4D0DD /* UpdateBehavior.swift in Sources */ = {isa = PBXBuildFile; fileRef = 90924D3B881D477940E28E1B /* UpdateBehavior.swift */; };
		3A654AEFA737F9B35BCB3015 /* DeleteBehavior.swift in Sources */ = {isa = PBXBuildFile; fileRef = 027646B6BA1D1173FF6AE0AF /* DeleteBehavior.swift */; };
		62394FCBAA43441158B6F547 /* ShareBehavior.swift in Sources */ = {isa = PBXBuildFile; fileRef = E77C4E21BFC357AEB2359F14 /* ShareBehavior.swift */; };
		C72D4CCB8BFB9F3E9B8755DC /* CollectionViewController.swift in Sources */ = {isa = PBXBuildFile; fileRef = 27CB4F90A7D10473075AE564 /* CollectionViewController.swift */; };
		42E64998836178172C75C74D /* DataSetViewController.swift in Sources */ = {isa = PBXBuildFile; fileRef = C9E94652A111EDC74DCA254C /* DataSetViewController.swift */; };
		C2C149BF9F71F37CEEC1600A /* DataViewController.swift in Sources */ = {isa = PBXBuildFile; fileRef = CA744D94B5CFDE2748853E0C /* DataViewController.swift */; };
		352F4245A252E74F43CE5CDC /* FilterViewController.swift in Sources */ = {isa = PBXBuildFile; fileRef = B5B748DA8550FCFEEBD202E8 /* FilterViewController.swift */; };
		250849CCB94413779CA9ADCF /* FormViewController.swift in Sources */ = {isa = PBXBuildFile; fileRef = 2DF14596A6D13F087A6E9755 /* FormViewController.swift */; };
		A35841AF934C3EA7D351C401 /* InputViewController.swift in Sources */ = {isa = PBXBuildFile; fileRef = 90244E1093028EB384682123 /* InputViewController.swift */; };
		F6B0449995C49D8BC421A009 /* OptionsViewController.swift in Sources */ = {isa = PBXBuildFile; fileRef = 9F4C46F69332A7A39BA3676C /* OptionsViewController.swift */; };
		2A6D4E1EBCEF90D36E8B0EB5 /* SimpleCollectionViewController.swift in Sources */ = {isa = PBXBuildFile; fileRef = 402246E083541C814552B1D6 /* SimpleCollectionViewController.swift */; };
		7C324DD98D397CF1E66D6D56 /* SimpleTabBarController.swift in Sources */ = {isa = PBXBuildFile; fileRef = 93AA4E3E83C665396D44A017 /* SimpleTabBarController.swift */; };
		9B9F4FF1A11909D2E32C10B7 /* StackViewController.swift in Sources */ = {isa = PBXBuildFile; fileRef = 854D41F88BEB167AF64863BC /* StackViewController.swift */; };
		9E65431AB6C226792F43B4DC /* TableViewController.swift in Sources */ = {isa = PBXBuildFile; fileRef = 285B47B9BD81238DBA874CDF /* TableViewController.swift */; };
		7B654B539023555BDA7D9B57 /* CloudDatasource.swift in Sources */ = {isa = PBXBuildFile; fileRef = 3A0F421882F79903EB4C5E7E /* CloudDatasource.swift */; };
		3A534494A4D6C23C7C5FB47F /* CloudDatasourceFilter.swift in Sources */ = {isa = PBXBuildFile; fileRef = 4E3042B4BE3ECF9A705EC594 /* CloudDatasourceFilter.swift */; };
		CC494743862D715C418F1797 /* Datasource.swift in Sources */ = {isa = PBXBuildFile; fileRef = 723845DFA9D06F99786C1220 /* Datasource.swift */; };
		C7524B9BA9EB03D4468D7208 /* DatasourceFilter.swift in Sources */ = {isa = PBXBuildFile; fileRef = 1ACA48BA8FBC777B36D372AF /* DatasourceFilter.swift */; };
		60214F6090DCD4332FAD217B /* DatasourceOptions.swift in Sources */ = {isa = PBXBuildFile; fileRef = E6CF4655AEB60CC4E18F857A /* DatasourceOptions.swift */; };
		6DE94BD295A83C6C3B83D6B5 /* ExternalDatasource.swift in Sources */ = {isa = PBXBuildFile; fileRef = 900F4F288259AE263CB42EF1 /* ExternalDatasource.swift */; };
		93D94908A571FBBEBDF268C1 /* ExternalDatasourceFilter.swift in Sources */ = {isa = PBXBuildFile; fileRef = 25114CFC89516F3665BEB8CB /* ExternalDatasourceFilter.swift */; };
		2FC44462B037D96F77AE84C8 /* HttpClient.swift in Sources */ = {isa = PBXBuildFile; fileRef = C6D6468A8AC76C6EB2206FDC /* HttpClient.swift */; };
		EA524A59A75FADD00197FF17 /* Item.swift in Sources */ = {isa = PBXBuildFile; fileRef = 273C40629F97556F06DC9078 /* Item.swift */; };
		92F648A5ADF53006B7B2E11D /* LocalDatasource.swift in Sources */ = {isa = PBXBuildFile; fileRef = 3979431D8FD4FB54C098E579 /* LocalDatasource.swift */; };
		364E4934985393D45F55902D /* LocalDatasourceFilter.swift in Sources */ = {isa = PBXBuildFile; fileRef = F26945BFBDFE8FEE62724939 /* LocalDatasourceFilter.swift */; };
		2CC841878B5BA8078EE9D05B /* Annotation.swift in Sources */ = {isa = PBXBuildFile; fileRef = 4CE94E2B98502888103CD3BB /* Annotation.swift */; };
		5E8C4DB39986EA453E8E94F3 /* DateRange.swift in Sources */ = {isa = PBXBuildFile; fileRef = 79B540E88E9A6ACE4D942664 /* DateRange.swift */; };
		D9114285AC9A8B2D24E9D279 /* GeoPoint.swift in Sources */ = {isa = PBXBuildFile; fileRef = 717B462C9CA62F99B6121681 /* GeoPoint.swift */; };
		EB4A4B8B85B5B270AD056DCD /* MenuItem.swift in Sources */ = {isa = PBXBuildFile; fileRef = 0111421F90232E89E29B9BBE /* MenuItem.swift */; };
		01DC46B5A8F3E2BA3D2F32B5 /* ErrorManager.swift in Sources */ = {isa = PBXBuildFile; fileRef = 2C1142A79D6C14D536AC92C0 /* ErrorManager.swift */; };
		F0DB49E781F2A50E6955B06A /* LocationManager.swift in Sources */ = {isa = PBXBuildFile; fileRef = 72804E69B10751781B0BFDDE /* LocationManager.swift */; };
		7E534467B80D16FE9EEEF3B1 /* NSDate+Additions.swift in Sources */ = {isa = PBXBuildFile; fileRef = 928046D88FA9A2176D1E1750 /* NSDate+Additions.swift */; };
		027944EA9E8715B783A3972B /* NSString+Additions.swift in Sources */ = {isa = PBXBuildFile; fileRef = 99B54BF18923C9B981F38F0E /* NSString+Additions.swift */; };
		7A2C42D4B5123DA34B60BC82 /* String+Additions.swift in Sources */ = {isa = PBXBuildFile; fileRef = 8B5D4A95AA58A0F96FCF41FA /* String+Additions.swift */; };
		B9F84DDA87DF998EC6F99511 /* UIColor+Additions.swift in Sources */ = {isa = PBXBuildFile; fileRef = C01D4B4AADA2502E4E0C72CD /* UIColor+Additions.swift */; };
		4CA349559BF98AF64DB4EA75 /* UIFont+Additions.swift in Sources */ = {isa = PBXBuildFile; fileRef = B15E4E98840FE7F620752D4F /* UIFont+Additions.swift */; };
		29404DF29CB9F20B19236278 /* UIImageView+Additions.swift in Sources */ = {isa = PBXBuildFile; fileRef = 9A8E4ACC8E011A9E30793FCC /* UIImageView+Additions.swift */; };
		402E4EBDA6C0414EC3A2AAA0 /* UITextField+Additions.swift in Sources */ = {isa = PBXBuildFile; fileRef = 02FA4ADEBDFC0C79A20E01B3 /* UITextField+Additions.swift */; };
		744E4C1BBC47700B26DAF76A /* UIView+Additions.swift in Sources */ = {isa = PBXBuildFile; fileRef = 3B694D71BAE5388F50D51732 /* UIView+Additions.swift */; };
		D6174D728D72562544FB421B /* UIViewController+Additions.swift in Sources */ = {isa = PBXBuildFile; fileRef = DB8B44EF8898BCD14C07200D /* UIViewController+Additions.swift */; };
		99834DDB91819CEF96817DC7 /* ContainerView.swift in Sources */ = {isa = PBXBuildFile; fileRef = DACB4519A21A13D2433AE449 /* ContainerView.swift */; };
		151A49E7B45AC1B6D061D16F /* MosaicCell.swift in Sources */ = {isa = PBXBuildFile; fileRef = ABE346D9B6D4B21DFBDBBC5F /* MosaicCell.swift */; };
		935D4DADB4C0EC6142762717 /* PhotoCell.swift in Sources */ = {isa = PBXBuildFile; fileRef = 12CE40E9ADE63573DD941EC1 /* PhotoCell.swift */; };
		141F478EA5011A6ABA13D45B /* BooleanField.swift in Sources */ = {isa = PBXBuildFile; fileRef = 1D474F00B2893B663B493BF6 /* BooleanField.swift */; };
		97354A29B28BF83B14AD0750 /* DateField.swift in Sources */ = {isa = PBXBuildFile; fileRef = 3E9C43CCB41E507CF5C0B50A /* DateField.swift */; };
		E8A14757ACF414AF7E9FE3C7 /* DateRangeField.swift in Sources */ = {isa = PBXBuildFile; fileRef = 19454C95A44628FD5A93080B /* DateRangeField.swift */; };
		3B594088ADBC7A103730DC8C /* DateRangeFilterField.swift in Sources */ = {isa = PBXBuildFile; fileRef = C42C4D5CA6417ED4E14CF067 /* DateRangeFilterField.swift */; };
		EF6546DD9665B3519497B6F3 /* DateTimeField.swift in Sources */ = {isa = PBXBuildFile; fileRef = 7FD2427A8487363B4D44FF7E /* DateTimeField.swift */; };
		946343C9887BC4372413F298 /* DecimalField.swift in Sources */ = {isa = PBXBuildFile; fileRef = 238B4294997F7AB76403DC95 /* DecimalField.swift */; };
		D2A94499BC2055FED7252F84 /* Field.swift in Sources */ = {isa = PBXBuildFile; fileRef = 1B5243E8A16018137B7F4959 /* Field.swift */; };
		EA6942CDB1BBBEBE93C7FF89 /* FilterField.swift in Sources */ = {isa = PBXBuildFile; fileRef = 229540F39707E2C9837F8899 /* FilterField.swift */; };
		2DD440C787F452B9FCA96A3E /* ImageField.swift in Sources */ = {isa = PBXBuildFile; fileRef = 9A6B49049CC355E4B15BE584 /* ImageField.swift */; };
		B8014B3AAE57B7AEE9C2F518 /* ImageInputView.swift in Sources */ = {isa = PBXBuildFile; fileRef = 9F0040BEB936DF154C12374F /* ImageInputView.swift */; };
		F0A549F4A87087F7111E4223 /* IntegerField.swift in Sources */ = {isa = PBXBuildFile; fileRef = C2EB4EE3910E7A8B50032962 /* IntegerField.swift */; };
		2E0246C8B50BC84E82EAD9C6 /* LocationField.swift in Sources */ = {isa = PBXBuildFile; fileRef = 6876411F90191D564D27DCC8 /* LocationField.swift */; };
		B4F94359A1FFF3EFC1F04824 /* LocationInputView.swift in Sources */ = {isa = PBXBuildFile; fileRef = 44054EA8B18EDA05721B0CCF /* LocationInputView.swift */; };
		6F114888AFFCAAC319033CE1 /* NumberFilterField.swift in Sources */ = {isa = PBXBuildFile; fileRef = 845A4CD08A43EE4922A3932E /* NumberFilterField.swift */; };
		519448D48291E82147F9A457 /* OptionsField.swift in Sources */ = {isa = PBXBuildFile; fileRef = 6B3E4A81885EFE7111917AD6 /* OptionsField.swift */; };
		8C754641A8EFD4D92096A30D /* OptionsFilterField.swift in Sources */ = {isa = PBXBuildFile; fileRef = 2CDA45D8B123956BD4925069 /* OptionsFilterField.swift */; };
		F87A4D8C86CD724268E28655 /* OptionsInputView.swift in Sources */ = {isa = PBXBuildFile; fileRef = 363A404D9C67F80ADE28B915 /* OptionsInputView.swift */; };
		53FB4BCDA1526D04D9A1D6BF /* RangeInputView.swift in Sources */ = {isa = PBXBuildFile; fileRef = 821F4D4D911F6C02EC30F952 /* RangeInputView.swift */; };
		4C334EBD8B31023EFD129884 /* Rules.swift in Sources */ = {isa = PBXBuildFile; fileRef = C1EF4F91A77397C86318C611 /* Rules.swift */; };
		948648B69259646DA6C1FA54 /* StringField.swift in Sources */ = {isa = PBXBuildFile; fileRef = C4914F05922FB72289441552 /* StringField.swift */; };
		030041DA8368086B0F7AE88F /* StringFilterField.swift in Sources */ = {isa = PBXBuildFile; fileRef = 0B084576A094E24936D0AA12 /* StringFilterField.swift */; };
		B3B848589BD09B0592531779 /* SwitchInputView.swift in Sources */ = {isa = PBXBuildFile; fileRef = EA264B2D83B4B56589F6D238 /* SwitchInputView.swift */; };
		191345719CAC88DAAB2E1363 /* TextInputView.swift in Sources */ = {isa = PBXBuildFile; fileRef = 8E484499A6B8401A3A70133A /* TextInputView.swift */; };
		F0C9439A97DB1188A1A43BA3 /* TristateField.swift in Sources */ = {isa = PBXBuildFile; fileRef = 844A472386D50862B2A093FE /* TristateField.swift */; };
		EB8649D5B15284B6AE7C0375 /* TristateInputView.swift in Sources */ = {isa = PBXBuildFile; fileRef = 09594042809CAAE61A710411 /* TristateInputView.swift */; };
		4B3441DEA0FFF0CF449E9460 /* BasicCell.swift in Sources */ = {isa = PBXBuildFile; fileRef = 5B97435FB23DDC9AF810CD0F /* BasicCell.swift */; };
		0FE044B29A5F5A8029246644 /* BasicImageCell.swift in Sources */ = {isa = PBXBuildFile; fileRef = E30244B698BDF517BEC8FE71 /* BasicImageCell.swift */; };
		185846ECA89AB7A75B47FDE1 /* DetailCell.swift in Sources */ = {isa = PBXBuildFile; fileRef = 59AD4BCAAE3B4469438F83E2 /* DetailCell.swift */; };
		90404664ACFCAB7DB27E4E66 /* DetailImageCell.swift in Sources */ = {isa = PBXBuildFile; fileRef = A90947E19F585FE1C0F2B534 /* DetailImageCell.swift */; };
		675B4C08985F211D5ED5B729 /* InfoImageCell.swift in Sources */ = {isa = PBXBuildFile; fileRef = 925748728C309E5CFFC7A188 /* InfoImageCell.swift */; };
		646F45ABA6C709D0DF985430 /* AppDelegate.swift in Sources */ = {isa = PBXBuildFile; fileRef = 57844847AC1B038BB1F62C3E /* AppDelegate.swift */; };
		6FCB4A6089ED8FEA04546771 /* MainNavigation.swift in Sources */ = {isa = PBXBuildFile; fileRef = 681F4CF58F9B84A57B4D6167 /* MainNavigation.swift */; };
		1DE5421DB7DBC426F59AF440 /* Style.swift in Sources */ = {isa = PBXBuildFile; fileRef = 7D8F40B18F182A54F6532AC5 /* Style.swift */; };
		1F8640E0B1BBDB494AB5B0D5 /* StyleConfig.swift in Sources */ = {isa = PBXBuildFile; fileRef = AAE64D9691E920007BAE2D7D /* StyleConfig.swift */; };
	
/* End PBXBuildFile section */

/* Begin PBXContainerItemProxy section */
		BB8496991D3F74820093606A /* PBXContainerItemProxy */ = {
			isa = PBXContainerItemProxy;
			containerPortal = BB84967C1D3F74820093606A /* Project object */;
			proxyType = 1;
			remoteGlobalIDString = BB8496831D3F74820093606A;
			remoteInfo = POWER;
		};
		BB8496A41D3F74820093606A /* PBXContainerItemProxy */ = {
			isa = PBXContainerItemProxy;
			containerPortal = BB84967C1D3F74820093606A /* Project object */;
			proxyType = 1;
			remoteGlobalIDString = BB8496831D3F74820093606A;
			remoteInfo = POWER;
		};
/* End PBXContainerItemProxy section */

/* Begin PBXFileReference section */
		BB8496841D3F74820093606A /* POWER.app */ = {isa = PBXFileReference; explicitFileType = wrapper.application; includeInIndex = 0; path = POWER.app; sourceTree = BUILT_PRODUCTS_DIR; };
		BB8496891D3F74820093606A /* ViewController.swift */ = {isa = PBXFileReference; lastKnownFileType = sourcecode.swift; path = ViewController.swift; sourceTree = "<group>"; };
		BB84968E1D3F74820093606A /* Assets.xcassets */ = {isa = PBXFileReference; lastKnownFileType = folder.assetcatalog; path = Assets.xcassets; sourceTree = "<group>"; };
		BB8496911D3F74820093606A /* Base */ = {isa = PBXFileReference; lastKnownFileType = file.storyboard; name = Base; path = Base.lproj/LaunchScreen.storyboard; sourceTree = "<group>"; };
		BB8496931D3F74820093606A /* Info.plist */ = {isa = PBXFileReference; lastKnownFileType = text.plist.xml; path = Info.plist; sourceTree = "<group>"; };
		BB8496981D3F74820093606A /* POWERTests.xctest */ = {isa = PBXFileReference; explicitFileType = wrapper.cfbundle; includeInIndex = 0; path = POWERTests.xctest; sourceTree = BUILT_PRODUCTS_DIR; };
		BB84969C1D3F74820093606A /* POWERTests.swift */ = {isa = PBXFileReference; lastKnownFileType = sourcecode.swift; path = POWERTests.swift; sourceTree = "<group>"; };
		BB84969E1D3F74820093606A /* Info.plist */ = {isa = PBXFileReference; lastKnownFileType = text.plist.xml; path = Info.plist; sourceTree = "<group>"; };
		BB8496A31D3F74820093606A /* POWERUITests.xctest */ = {isa = PBXFileReference; explicitFileType = wrapper.cfbundle; includeInIndex = 0; path = POWERUITests.xctest; sourceTree = BUILT_PRODUCTS_DIR; };
		BB8496A71D3F74820093606A /* POWERUITests.swift */ = {isa = PBXFileReference; lastKnownFileType = sourcecode.swift; path = POWERUITests.swift; sourceTree = "<group>"; };
		BB8496A91D3F74820093606A /* Info.plist */ = {isa = PBXFileReference; lastKnownFileType = text.plist.xml; path = Info.plist; sourceTree = "<group>"; };
		
		5E6049D7ACE49EAD1FF69041 /* ContactInformationViewController.swift */ = {isa = PBXFileReference; fileEncoding = 4; lastKnownFileType = sourcecode.swift; path = "ContactInformationViewController.swift"; sourceTree = "<group>"; };
		4A6940D39C950B06687F5A44 /* EmployeesDetailViewController.swift */ = {isa = PBXFileReference; fileEncoding = 4; lastKnownFileType = sourcecode.swift; path = "EmployeesDetailViewController.swift"; sourceTree = "<group>"; };
		19D04F0C99E8694ED49147A0 /* EmployeesFilterViewController.swift */ = {isa = PBXFileReference; fileEncoding = 4; lastKnownFileType = sourcecode.swift; path = "EmployeesFilterViewController.swift"; sourceTree = "<group>"; };
		600744B182E589BD503ACCD4 /* EmployeesFormViewController.swift */ = {isa = PBXFileReference; fileEncoding = 4; lastKnownFileType = sourcecode.swift; path = "EmployeesFormViewController.swift"; sourceTree = "<group>"; };
		C92540DE8B70F1105B00606F /* EmployeesViewController.swift */ = {isa = PBXFileReference; fileEncoding = 4; lastKnownFileType = sourcecode.swift; path = "EmployeesViewController.swift"; sourceTree = "<group>"; };
		98EB4D4B9009A62C5DCBBB5F /* MainMenuViewController.swift */ = {isa = PBXFileReference; fileEncoding = 4; lastKnownFileType = sourcecode.swift; path = "MainMenuViewController.swift"; sourceTree = "<group>"; };
		A75C4024B375525A6C0F608B /* MenuViewController.swift */ = {isa = PBXFileReference; fileEncoding = 4; lastKnownFileType = sourcecode.swift; path = "MenuViewController.swift"; sourceTree = "<group>"; };
		7C4649E899D3D3AC9F02749A /* NewsDetailViewController.swift */ = {isa = PBXFileReference; fileEncoding = 4; lastKnownFileType = sourcecode.swift; path = "NewsDetailViewController.swift"; sourceTree = "<group>"; };
		F63C44DBBA69875F09C6FD03 /* NewsViewController.swift */ = {isa = PBXFileReference; fileEncoding = 4; lastKnownFileType = sourcecode.swift; path = "NewsViewController.swift"; sourceTree = "<group>"; };
		0FC44C4DAA160657A336E758 /* StatusDetailViewController.swift */ = {isa = PBXFileReference; fileEncoding = 4; lastKnownFileType = sourcecode.swift; path = "StatusDetailViewController.swift"; sourceTree = "<group>"; };
		9D96406B93E47A7F40B31BDF /* StatusFilterViewController.swift */ = {isa = PBXFileReference; fileEncoding = 4; lastKnownFileType = sourcecode.swift; path = "StatusFilterViewController.swift"; sourceTree = "<group>"; };
		20AE402C8E827839A48F94FB /* StatusFormViewController.swift */ = {isa = PBXFileReference; fileEncoding = 4; lastKnownFileType = sourcecode.swift; path = "StatusFormViewController.swift"; sourceTree = "<group>"; };
		BC0149678AEC609D4EB15179 /* StatusViewController.swift */ = {isa = PBXFileReference; fileEncoding = 4; lastKnownFileType = sourcecode.swift; path = "StatusViewController.swift"; sourceTree = "<group>"; };
		8E29443297AF72375874A613 /* DatasourceConfig.swift */ = {isa = PBXFileReference; fileEncoding = 4; lastKnownFileType = sourcecode.swift; path = "DatasourceConfig.swift"; sourceTree = "<group>"; };
		808D4F11A1F84DFB65106596 /* DatasourceManager.swift */ = {isa = PBXFileReference; fileEncoding = 4; lastKnownFileType = sourcecode.swift; path = "DatasourceManager.swift"; sourceTree = "<group>"; };
		13584133A77290BDC4E817FD /* EmptyDatasource.plist */ = {isa = PBXFileReference; fileEncoding = 4; lastKnownFileType = text.plist.xml; path = "EmptyDatasource.plist"; sourceTree = "<group>"; };
		314E4BE2B1C07ABDDECFCB7F /* EmployeesDBDSItem.swift */ = {isa = PBXFileReference; fileEncoding = 4; lastKnownFileType = sourcecode.swift; path = "EmployeesDBDSItem.swift"; sourceTree = "<group>"; };
		BB874DC78467D3F8554F503F /* Item1.swift */ = {isa = PBXFileReference; fileEncoding = 4; lastKnownFileType = sourcecode.swift; path = "Item1.swift"; sourceTree = "<group>"; };
		C83B4CD3B2803110D736B387 /* NewsScreen1DSItem.swift */ = {isa = PBXFileReference; fileEncoding = 4; lastKnownFileType = sourcecode.swift; path = "NewsScreen1DSItem.swift"; sourceTree = "<group>"; };
		1436495CB8F215346DF421A2 /* StatusScreen1DSItem.swift */ = {isa = PBXFileReference; fileEncoding = 4; lastKnownFileType = sourcecode.swift; path = "StatusScreen1DSItem.swift"; sourceTree = "<group>"; };
		F7FE4E4895ACEE290B60E1EA /* Action.swift */ = {isa = PBXFileReference; fileEncoding = 4; lastKnownFileType = sourcecode.swift; path = "Action.swift"; sourceTree = "<group>"; };
		46AD4683870D4B05A556C1A1 /* LinkAction.swift */ = {isa = PBXFileReference; fileEncoding = 4; lastKnownFileType = sourcecode.swift; path = "LinkAction.swift"; sourceTree = "<group>"; };
		B45248129D6C55195834A43B /* MailAction.swift */ = {isa = PBXFileReference; fileEncoding = 4; lastKnownFileType = sourcecode.swift; path = "MailAction.swift"; sourceTree = "<group>"; };
		0BF340A28C50203CD319381E /* MapAction.swift */ = {isa = PBXFileReference; fileEncoding = 4; lastKnownFileType = sourcecode.swift; path = "MapAction.swift"; sourceTree = "<group>"; };
		C7E94061ADACEB1A8ACBB964 /* NavigationAction.swift */ = {isa = PBXFileReference; fileEncoding = 4; lastKnownFileType = sourcecode.swift; path = "NavigationAction.swift"; sourceTree = "<group>"; };
		A4A74464B2BA3228D33031B6 /* NavigationPushAction.swift */ = {isa = PBXFileReference; fileEncoding = 4; lastKnownFileType = sourcecode.swift; path = "NavigationPushAction.swift"; sourceTree = "<group>"; };
		1F41476CB6AAC088285701DD /* PhoneAction.swift */ = {isa = PBXFileReference; fileEncoding = 4; lastKnownFileType = sourcecode.swift; path = "PhoneAction.swift"; sourceTree = "<group>"; };
		74954C9FAFA60DD01ED31480 /* SlidingAction.swift */ = {isa = PBXFileReference; fileEncoding = 4; lastKnownFileType = sourcecode.swift; path = "SlidingAction.swift"; sourceTree = "<group>"; };
		7F4343C09EBEEDC7EB72BD5B /* UriAction.swift */ = {isa = PBXFileReference; fileEncoding = 4; lastKnownFileType = sourcecode.swift; path = "UriAction.swift"; sourceTree = "<group>"; };
		9DE04ED6952E061E7268C6AE /* Analytics.swift */ = {isa = PBXFileReference; fileEncoding = 4; lastKnownFileType = sourcecode.swift; path = "Analytics.swift"; sourceTree = "<group>"; };
		5E384EE087FEFE29FC809E54 /* AnalyticsManager.swift */ = {isa = PBXFileReference; fileEncoding = 4; lastKnownFileType = sourcecode.swift; path = "AnalyticsManager.swift"; sourceTree = "<group>"; };
		750040D7A703D34CB8BE2C66 /* Logger.swift */ = {isa = PBXFileReference; fileEncoding = 4; lastKnownFileType = sourcecode.swift; path = "Logger.swift"; sourceTree = "<group>"; };
		48BF4C2DB5B38D3043BFFF88 /* LoggerLevel.swift */ = {isa = PBXFileReference; fileEncoding = 4; lastKnownFileType = sourcecode.swift; path = "LoggerLevel.swift"; sourceTree = "<group>"; };
		CC824E78965959FF288CBC0F /* Behavior.swift */ = {isa = PBXFileReference; fileEncoding = 4; lastKnownFileType = sourcecode.swift; path = "Behavior.swift"; sourceTree = "<group>"; };
		99904716BFF7C3C0AC397764 /* CreateBehavior.swift */ = {isa = PBXFileReference; fileEncoding = 4; lastKnownFileType = sourcecode.swift; path = "CreateBehavior.swift"; sourceTree = "<group>"; };
		846C48F8AAEEA605F97243E7 /* FilterBehavior.swift */ = {isa = PBXFileReference; fileEncoding = 4; lastKnownFileType = sourcecode.swift; path = "FilterBehavior.swift"; sourceTree = "<group>"; };
		18684329913FF66CBDFABCC0 /* SearchBehavior.swift */ = {isa = PBXFileReference; fileEncoding = 4; lastKnownFileType = sourcecode.swift; path = "SearchBehavior.swift"; sourceTree = "<group>"; };
		90924D3B881D477940E28E1B /* UpdateBehavior.swift */ = {isa = PBXFileReference; fileEncoding = 4; lastKnownFileType = sourcecode.swift; path = "UpdateBehavior.swift"; sourceTree = "<group>"; };
		027646B6BA1D1173FF6AE0AF /* DeleteBehavior.swift */ = {isa = PBXFileReference; fileEncoding = 4; lastKnownFileType = sourcecode.swift; path = "DeleteBehavior.swift"; sourceTree = "<group>"; };
		E77C4E21BFC357AEB2359F14 /* ShareBehavior.swift */ = {isa = PBXFileReference; fileEncoding = 4; lastKnownFileType = sourcecode.swift; path = "ShareBehavior.swift"; sourceTree = "<group>"; };
		27CB4F90A7D10473075AE564 /* CollectionViewController.swift */ = {isa = PBXFileReference; fileEncoding = 4; lastKnownFileType = sourcecode.swift; path = "CollectionViewController.swift"; sourceTree = "<group>"; };
		C9E94652A111EDC74DCA254C /* DataSetViewController.swift */ = {isa = PBXFileReference; fileEncoding = 4; lastKnownFileType = sourcecode.swift; path = "DataSetViewController.swift"; sourceTree = "<group>"; };
		CA744D94B5CFDE2748853E0C /* DataViewController.swift */ = {isa = PBXFileReference; fileEncoding = 4; lastKnownFileType = sourcecode.swift; path = "DataViewController.swift"; sourceTree = "<group>"; };
		B5B748DA8550FCFEEBD202E8 /* FilterViewController.swift */ = {isa = PBXFileReference; fileEncoding = 4; lastKnownFileType = sourcecode.swift; path = "FilterViewController.swift"; sourceTree = "<group>"; };
		2DF14596A6D13F087A6E9755 /* FormViewController.swift */ = {isa = PBXFileReference; fileEncoding = 4; lastKnownFileType = sourcecode.swift; path = "FormViewController.swift"; sourceTree = "<group>"; };
		90244E1093028EB384682123 /* InputViewController.swift */ = {isa = PBXFileReference; fileEncoding = 4; lastKnownFileType = sourcecode.swift; path = "InputViewController.swift"; sourceTree = "<group>"; };
		9F4C46F69332A7A39BA3676C /* OptionsViewController.swift */ = {isa = PBXFileReference; fileEncoding = 4; lastKnownFileType = sourcecode.swift; path = "OptionsViewController.swift"; sourceTree = "<group>"; };
		402246E083541C814552B1D6 /* SimpleCollectionViewController.swift */ = {isa = PBXFileReference; fileEncoding = 4; lastKnownFileType = sourcecode.swift; path = "SimpleCollectionViewController.swift"; sourceTree = "<group>"; };
		93AA4E3E83C665396D44A017 /* SimpleTabBarController.swift */ = {isa = PBXFileReference; fileEncoding = 4; lastKnownFileType = sourcecode.swift; path = "SimpleTabBarController.swift"; sourceTree = "<group>"; };
		854D41F88BEB167AF64863BC /* StackViewController.swift */ = {isa = PBXFileReference; fileEncoding = 4; lastKnownFileType = sourcecode.swift; path = "StackViewController.swift"; sourceTree = "<group>"; };
		285B47B9BD81238DBA874CDF /* TableViewController.swift */ = {isa = PBXFileReference; fileEncoding = 4; lastKnownFileType = sourcecode.swift; path = "TableViewController.swift"; sourceTree = "<group>"; };
		3A0F421882F79903EB4C5E7E /* CloudDatasource.swift */ = {isa = PBXFileReference; fileEncoding = 4; lastKnownFileType = sourcecode.swift; path = "CloudDatasource.swift"; sourceTree = "<group>"; };
		4E3042B4BE3ECF9A705EC594 /* CloudDatasourceFilter.swift */ = {isa = PBXFileReference; fileEncoding = 4; lastKnownFileType = sourcecode.swift; path = "CloudDatasourceFilter.swift"; sourceTree = "<group>"; };
		723845DFA9D06F99786C1220 /* Datasource.swift */ = {isa = PBXFileReference; fileEncoding = 4; lastKnownFileType = sourcecode.swift; path = "Datasource.swift"; sourceTree = "<group>"; };
		1ACA48BA8FBC777B36D372AF /* DatasourceFilter.swift */ = {isa = PBXFileReference; fileEncoding = 4; lastKnownFileType = sourcecode.swift; path = "DatasourceFilter.swift"; sourceTree = "<group>"; };
		E6CF4655AEB60CC4E18F857A /* DatasourceOptions.swift */ = {isa = PBXFileReference; fileEncoding = 4; lastKnownFileType = sourcecode.swift; path = "DatasourceOptions.swift"; sourceTree = "<group>"; };
		900F4F288259AE263CB42EF1 /* ExternalDatasource.swift */ = {isa = PBXFileReference; fileEncoding = 4; lastKnownFileType = sourcecode.swift; path = "ExternalDatasource.swift"; sourceTree = "<group>"; };
		25114CFC89516F3665BEB8CB /* ExternalDatasourceFilter.swift */ = {isa = PBXFileReference; fileEncoding = 4; lastKnownFileType = sourcecode.swift; path = "ExternalDatasourceFilter.swift"; sourceTree = "<group>"; };
		C6D6468A8AC76C6EB2206FDC /* HttpClient.swift */ = {isa = PBXFileReference; fileEncoding = 4; lastKnownFileType = sourcecode.swift; path = "HttpClient.swift"; sourceTree = "<group>"; };
		273C40629F97556F06DC9078 /* Item.swift */ = {isa = PBXFileReference; fileEncoding = 4; lastKnownFileType = sourcecode.swift; path = "Item.swift"; sourceTree = "<group>"; };
		3979431D8FD4FB54C098E579 /* LocalDatasource.swift */ = {isa = PBXFileReference; fileEncoding = 4; lastKnownFileType = sourcecode.swift; path = "LocalDatasource.swift"; sourceTree = "<group>"; };
		F26945BFBDFE8FEE62724939 /* LocalDatasourceFilter.swift */ = {isa = PBXFileReference; fileEncoding = 4; lastKnownFileType = sourcecode.swift; path = "LocalDatasourceFilter.swift"; sourceTree = "<group>"; };
		4CE94E2B98502888103CD3BB /* Annotation.swift */ = {isa = PBXFileReference; fileEncoding = 4; lastKnownFileType = sourcecode.swift; path = "Annotation.swift"; sourceTree = "<group>"; };
		79B540E88E9A6ACE4D942664 /* DateRange.swift */ = {isa = PBXFileReference; fileEncoding = 4; lastKnownFileType = sourcecode.swift; path = "DateRange.swift"; sourceTree = "<group>"; };
		717B462C9CA62F99B6121681 /* GeoPoint.swift */ = {isa = PBXFileReference; fileEncoding = 4; lastKnownFileType = sourcecode.swift; path = "GeoPoint.swift"; sourceTree = "<group>"; };
		0111421F90232E89E29B9BBE /* MenuItem.swift */ = {isa = PBXFileReference; fileEncoding = 4; lastKnownFileType = sourcecode.swift; path = "MenuItem.swift"; sourceTree = "<group>"; };
		2C1142A79D6C14D536AC92C0 /* ErrorManager.swift */ = {isa = PBXFileReference; fileEncoding = 4; lastKnownFileType = sourcecode.swift; path = "ErrorManager.swift"; sourceTree = "<group>"; };
		72804E69B10751781B0BFDDE /* LocationManager.swift */ = {isa = PBXFileReference; fileEncoding = 4; lastKnownFileType = sourcecode.swift; path = "LocationManager.swift"; sourceTree = "<group>"; };
		928046D88FA9A2176D1E1750 /* NSDate+Additions.swift */ = {isa = PBXFileReference; fileEncoding = 4; lastKnownFileType = sourcecode.swift; path = "NSDate+Additions.swift"; sourceTree = "<group>"; };
		99B54BF18923C9B981F38F0E /* NSString+Additions.swift */ = {isa = PBXFileReference; fileEncoding = 4; lastKnownFileType = sourcecode.swift; path = "NSString+Additions.swift"; sourceTree = "<group>"; };
		8B5D4A95AA58A0F96FCF41FA /* String+Additions.swift */ = {isa = PBXFileReference; fileEncoding = 4; lastKnownFileType = sourcecode.swift; path = "String+Additions.swift"; sourceTree = "<group>"; };
		C01D4B4AADA2502E4E0C72CD /* UIColor+Additions.swift */ = {isa = PBXFileReference; fileEncoding = 4; lastKnownFileType = sourcecode.swift; path = "UIColor+Additions.swift"; sourceTree = "<group>"; };
		B15E4E98840FE7F620752D4F /* UIFont+Additions.swift */ = {isa = PBXFileReference; fileEncoding = 4; lastKnownFileType = sourcecode.swift; path = "UIFont+Additions.swift"; sourceTree = "<group>"; };
		9A8E4ACC8E011A9E30793FCC /* UIImageView+Additions.swift */ = {isa = PBXFileReference; fileEncoding = 4; lastKnownFileType = sourcecode.swift; path = "UIImageView+Additions.swift"; sourceTree = "<group>"; };
		02FA4ADEBDFC0C79A20E01B3 /* UITextField+Additions.swift */ = {isa = PBXFileReference; fileEncoding = 4; lastKnownFileType = sourcecode.swift; path = "UITextField+Additions.swift"; sourceTree = "<group>"; };
		3B694D71BAE5388F50D51732 /* UIView+Additions.swift */ = {isa = PBXFileReference; fileEncoding = 4; lastKnownFileType = sourcecode.swift; path = "UIView+Additions.swift"; sourceTree = "<group>"; };
		DB8B44EF8898BCD14C07200D /* UIViewController+Additions.swift */ = {isa = PBXFileReference; fileEncoding = 4; lastKnownFileType = sourcecode.swift; path = "UIViewController+Additions.swift"; sourceTree = "<group>"; };
		DACB4519A21A13D2433AE449 /* ContainerView.swift */ = {isa = PBXFileReference; fileEncoding = 4; lastKnownFileType = sourcecode.swift; path = "ContainerView.swift"; sourceTree = "<group>"; };
		ABE346D9B6D4B21DFBDBBC5F /* MosaicCell.swift */ = {isa = PBXFileReference; fileEncoding = 4; lastKnownFileType = sourcecode.swift; path = "MosaicCell.swift"; sourceTree = "<group>"; };
		12CE40E9ADE63573DD941EC1 /* PhotoCell.swift */ = {isa = PBXFileReference; fileEncoding = 4; lastKnownFileType = sourcecode.swift; path = "PhotoCell.swift"; sourceTree = "<group>"; };
		1D474F00B2893B663B493BF6 /* BooleanField.swift */ = {isa = PBXFileReference; fileEncoding = 4; lastKnownFileType = sourcecode.swift; path = "BooleanField.swift"; sourceTree = "<group>"; };
		3E9C43CCB41E507CF5C0B50A /* DateField.swift */ = {isa = PBXFileReference; fileEncoding = 4; lastKnownFileType = sourcecode.swift; path = "DateField.swift"; sourceTree = "<group>"; };
		19454C95A44628FD5A93080B /* DateRangeField.swift */ = {isa = PBXFileReference; fileEncoding = 4; lastKnownFileType = sourcecode.swift; path = "DateRangeField.swift"; sourceTree = "<group>"; };
		C42C4D5CA6417ED4E14CF067 /* DateRangeFilterField.swift */ = {isa = PBXFileReference; fileEncoding = 4; lastKnownFileType = sourcecode.swift; path = "DateRangeFilterField.swift"; sourceTree = "<group>"; };
		7FD2427A8487363B4D44FF7E /* DateTimeField.swift */ = {isa = PBXFileReference; fileEncoding = 4; lastKnownFileType = sourcecode.swift; path = "DateTimeField.swift"; sourceTree = "<group>"; };
		238B4294997F7AB76403DC95 /* DecimalField.swift */ = {isa = PBXFileReference; fileEncoding = 4; lastKnownFileType = sourcecode.swift; path = "DecimalField.swift"; sourceTree = "<group>"; };
		1B5243E8A16018137B7F4959 /* Field.swift */ = {isa = PBXFileReference; fileEncoding = 4; lastKnownFileType = sourcecode.swift; path = "Field.swift"; sourceTree = "<group>"; };
		229540F39707E2C9837F8899 /* FilterField.swift */ = {isa = PBXFileReference; fileEncoding = 4; lastKnownFileType = sourcecode.swift; path = "FilterField.swift"; sourceTree = "<group>"; };
		9A6B49049CC355E4B15BE584 /* ImageField.swift */ = {isa = PBXFileReference; fileEncoding = 4; lastKnownFileType = sourcecode.swift; path = "ImageField.swift"; sourceTree = "<group>"; };
		9F0040BEB936DF154C12374F /* ImageInputView.swift */ = {isa = PBXFileReference; fileEncoding = 4; lastKnownFileType = sourcecode.swift; path = "ImageInputView.swift"; sourceTree = "<group>"; };
		C2EB4EE3910E7A8B50032962 /* IntegerField.swift */ = {isa = PBXFileReference; fileEncoding = 4; lastKnownFileType = sourcecode.swift; path = "IntegerField.swift"; sourceTree = "<group>"; };
		6876411F90191D564D27DCC8 /* LocationField.swift */ = {isa = PBXFileReference; fileEncoding = 4; lastKnownFileType = sourcecode.swift; path = "LocationField.swift"; sourceTree = "<group>"; };
		44054EA8B18EDA05721B0CCF /* LocationInputView.swift */ = {isa = PBXFileReference; fileEncoding = 4; lastKnownFileType = sourcecode.swift; path = "LocationInputView.swift"; sourceTree = "<group>"; };
		845A4CD08A43EE4922A3932E /* NumberFilterField.swift */ = {isa = PBXFileReference; fileEncoding = 4; lastKnownFileType = sourcecode.swift; path = "NumberFilterField.swift"; sourceTree = "<group>"; };
		6B3E4A81885EFE7111917AD6 /* OptionsField.swift */ = {isa = PBXFileReference; fileEncoding = 4; lastKnownFileType = sourcecode.swift; path = "OptionsField.swift"; sourceTree = "<group>"; };
		2CDA45D8B123956BD4925069 /* OptionsFilterField.swift */ = {isa = PBXFileReference; fileEncoding = 4; lastKnownFileType = sourcecode.swift; path = "OptionsFilterField.swift"; sourceTree = "<group>"; };
		363A404D9C67F80ADE28B915 /* OptionsInputView.swift */ = {isa = PBXFileReference; fileEncoding = 4; lastKnownFileType = sourcecode.swift; path = "OptionsInputView.swift"; sourceTree = "<group>"; };
		821F4D4D911F6C02EC30F952 /* RangeInputView.swift */ = {isa = PBXFileReference; fileEncoding = 4; lastKnownFileType = sourcecode.swift; path = "RangeInputView.swift"; sourceTree = "<group>"; };
		C1EF4F91A77397C86318C611 /* Rules.swift */ = {isa = PBXFileReference; fileEncoding = 4; lastKnownFileType = sourcecode.swift; path = "Rules.swift"; sourceTree = "<group>"; };
		C4914F05922FB72289441552 /* StringField.swift */ = {isa = PBXFileReference; fileEncoding = 4; lastKnownFileType = sourcecode.swift; path = "StringField.swift"; sourceTree = "<group>"; };
		0B084576A094E24936D0AA12 /* StringFilterField.swift */ = {isa = PBXFileReference; fileEncoding = 4; lastKnownFileType = sourcecode.swift; path = "StringFilterField.swift"; sourceTree = "<group>"; };
		EA264B2D83B4B56589F6D238 /* SwitchInputView.swift */ = {isa = PBXFileReference; fileEncoding = 4; lastKnownFileType = sourcecode.swift; path = "SwitchInputView.swift"; sourceTree = "<group>"; };
		8E484499A6B8401A3A70133A /* TextInputView.swift */ = {isa = PBXFileReference; fileEncoding = 4; lastKnownFileType = sourcecode.swift; path = "TextInputView.swift"; sourceTree = "<group>"; };
		844A472386D50862B2A093FE /* TristateField.swift */ = {isa = PBXFileReference; fileEncoding = 4; lastKnownFileType = sourcecode.swift; path = "TristateField.swift"; sourceTree = "<group>"; };
		09594042809CAAE61A710411 /* TristateInputView.swift */ = {isa = PBXFileReference; fileEncoding = 4; lastKnownFileType = sourcecode.swift; path = "TristateInputView.swift"; sourceTree = "<group>"; };
		5B97435FB23DDC9AF810CD0F /* BasicCell.swift */ = {isa = PBXFileReference; fileEncoding = 4; lastKnownFileType = sourcecode.swift; path = "BasicCell.swift"; sourceTree = "<group>"; };
		E30244B698BDF517BEC8FE71 /* BasicImageCell.swift */ = {isa = PBXFileReference; fileEncoding = 4; lastKnownFileType = sourcecode.swift; path = "BasicImageCell.swift"; sourceTree = "<group>"; };
		59AD4BCAAE3B4469438F83E2 /* DetailCell.swift */ = {isa = PBXFileReference; fileEncoding = 4; lastKnownFileType = sourcecode.swift; path = "DetailCell.swift"; sourceTree = "<group>"; };
		A90947E19F585FE1C0F2B534 /* DetailImageCell.swift */ = {isa = PBXFileReference; fileEncoding = 4; lastKnownFileType = sourcecode.swift; path = "DetailImageCell.swift"; sourceTree = "<group>"; };
		925748728C309E5CFFC7A188 /* InfoImageCell.swift */ = {isa = PBXFileReference; fileEncoding = 4; lastKnownFileType = sourcecode.swift; path = "InfoImageCell.swift"; sourceTree = "<group>"; };
		57844847AC1B038BB1F62C3E /* AppDelegate.swift */ = {isa = PBXFileReference; fileEncoding = 4; lastKnownFileType = sourcecode.swift; path = "AppDelegate.swift"; sourceTree = "<group>"; };
		681F4CF58F9B84A57B4D6167 /* MainNavigation.swift */ = {isa = PBXFileReference; fileEncoding = 4; lastKnownFileType = sourcecode.swift; path = "MainNavigation.swift"; sourceTree = "<group>"; };
		7D8F40B18F182A54F6532AC5 /* Style.swift */ = {isa = PBXFileReference; fileEncoding = 4; lastKnownFileType = sourcecode.swift; path = "Style.swift"; sourceTree = "<group>"; };
		AAE64D9691E920007BAE2D7D /* StyleConfig.swift */ = {isa = PBXFileReference; fileEncoding = 4; lastKnownFileType = sourcecode.swift; path = "StyleConfig.swift"; sourceTree = "<group>"; };
		
/* End PBXFileReference section */

/* Begin PBXFrameworksBuildPhase section */
		BB8496811D3F74820093606A /* Frameworks */ = {
			isa = PBXFrameworksBuildPhase;
			buildActionMask = 2147483647;
			files = (
			);
			runOnlyForDeploymentPostprocessing = 0;
		};
		BB8496951D3F74820093606A /* Frameworks */ = {
			isa = PBXFrameworksBuildPhase;
			buildActionMask = 2147483647;
			files = (
			);
			runOnlyForDeploymentPostprocessing = 0;
		};
		BB8496A01D3F74820093606A /* Frameworks */ = {
			isa = PBXFrameworksBuildPhase;
			buildActionMask = 2147483647;
			files = (
			);
			runOnlyForDeploymentPostprocessing = 0;
		};
/* End PBXFrameworksBuildPhase section */

/* Begin PBXGroup section */
		BB84967B1D3F74820093606A = {
			isa = PBXGroup;
			children = (
				BB8496861D3F74820093606A /* POWER */,
				BB84969B1D3F74820093606A /* POWERTests */,
				BB8496A61D3F74820093606A /* POWERUITests */,
				BB8496851D3F74820093606A /* Products */,
			);
			sourceTree = "<group>";
		};
		BB8496851D3F74820093606A /* Products */ = {
			isa = PBXGroup;
			children = (
				BB8496841D3F74820093606A /* POWER.app */,
				BB8496981D3F74820093606A /* POWERTests.xctest */,
				BB8496A31D3F74820093606A /* POWERUITests.xctest */,
			);
			name = Products;
			sourceTree = "<group>";
		};
		BB84969B1D3F74820093606A /* POWERTests */ = {
			isa = PBXGroup;
			children = (
				BB84969C1D3F74820093606A /* POWERTests.swift */,
				BB84969E1D3F74820093606A /* Info.plist */,
			);
			path = POWERTests;
			sourceTree = "<group>";
		};
		BB8496A61D3F74820093606A /* POWERUITests */ = {
			isa = PBXGroup;
			children = (
				BB8496A71D3F74820093606A /* POWERUITests.swift */,
				BB8496A91D3F74820093606A /* Info.plist */,
			);
			path = POWERUITests;
			sourceTree = "<group>";
		};
		
		BB8496861D3F74820093606A /* POWER */ = {
			isa = PBXGroup;
			children = (
				BB84968E1D3F74820093606A /* Assets.xcassets */,
				E209448DBAB51A71B216C5DA /*  Core */,
				138E4FD69DA832BD4B9DD634 /*  Controllers */,
				FC8C4B68A26EF4761CCF5DCA /*  Datasources */,
				56B24D548F6244C1D0795BEF /*  Models */,
					
				57844847AC1B038BB1F62C3E /*  AppDelegate.swift */,
				681F4CF58F9B84A57B4D6167 /*  MainNavigation.swift */,
				7D8F40B18F182A54F6532AC5 /*  Style.swift */,
				AAE64D9691E920007BAE2D7D /*  StyleConfig.swift */,
				BB8496901D3F74820093606A /* LaunchScreen.storyboard */,
				BB8496931D3F74820093606A /* Info.plist */,
				
				
			);
			path = POWER;
			sourceTree = "<group>";
		};
		E209448DBAB51A71B216C5DA /* Core */ = {
			isa = PBXGroup;
			children = (
				7E6340F3AD20E42138A65075 /*  Actions */,
				5C04485DA39E257F4973FDED /*  Analytics */,
				43C448A3A5732D6EA60726CE /*  Behaviors */,
				BE6341E4866A2F353667D0A3 /*  Charts */,
				9AFA48368FE6897A22D6A764 /*  Controllers */,
				ACD04B448B1E2923AB474AF5 /*  Datasources */,
				8EBC4A40ABAE1E696F4E383C /*  Models */,
				2C9F457D8A6FB8FC06F392C4 /*  Utils */,
				B0CE4C55938E87C1EE0D03BB /*  Views */,
		 
			);
			path = Core;
			sourceTree = "<group>";
		};
		138E4FD69DA832BD4B9DD634 /* Controllers */ = {
			isa = PBXGroup;
			children = (
				5E6049D7ACE49EAD1FF69041 /*  ContactInformationViewController.swift */,
				4A6940D39C950B06687F5A44 /*  EmployeesDetailViewController.swift */,
				19D04F0C99E8694ED49147A0 /*  EmployeesFilterViewController.swift */,
				600744B182E589BD503ACCD4 /*  EmployeesFormViewController.swift */,
				C92540DE8B70F1105B00606F /*  EmployeesViewController.swift */,
				98EB4D4B9009A62C5DCBBB5F /*  MainMenuViewController.swift */,
				A75C4024B375525A6C0F608B /*  MenuViewController.swift */,
				7C4649E899D3D3AC9F02749A /*  NewsDetailViewController.swift */,
				F63C44DBBA69875F09C6FD03 /*  NewsViewController.swift */,
				0FC44C4DAA160657A336E758 /*  StatusDetailViewController.swift */,
				9D96406B93E47A7F40B31BDF /*  StatusFilterViewController.swift */,
				20AE402C8E827839A48F94FB /*  StatusFormViewController.swift */,
				BC0149678AEC609D4EB15179 /*  StatusViewController.swift */,
		 
			);
			path = Controllers;
			sourceTree = "<group>";
		};
		FC8C4B68A26EF4761CCF5DCA /* Datasources */ = {
			isa = PBXGroup;
			children = (
				8E29443297AF72375874A613 /*  DatasourceConfig.swift */,
				808D4F11A1F84DFB65106596 /*  DatasourceManager.swift */,
				13584133A77290BDC4E817FD /*  EmptyDatasource.plist */,
		 
			);
			path = Datasources;
			sourceTree = "<group>";
		};
		56B24D548F6244C1D0795BEF /* Models */ = {
			isa = PBXGroup;
			children = (
				314E4BE2B1C07ABDDECFCB7F /*  EmployeesDBDSItem.swift */,
				BB874DC78467D3F8554F503F /*  Item1.swift */,
				C83B4CD3B2803110D736B387 /*  NewsScreen1DSItem.swift */,
				1436495CB8F215346DF421A2 /*  StatusScreen1DSItem.swift */,
		 
			);
			path = Models;
			sourceTree = "<group>";
		};
		7E6340F3AD20E42138A65075 /* Actions */ = {
			isa = PBXGroup;
			children = (
				F7FE4E4895ACEE290B60E1EA /*  Action.swift */,
				46AD4683870D4B05A556C1A1 /*  LinkAction.swift */,
				B45248129D6C55195834A43B /*  MailAction.swift */,
				0BF340A28C50203CD319381E /*  MapAction.swift */,
				C7E94061ADACEB1A8ACBB964 /*  NavigationAction.swift */,
				A4A74464B2BA3228D33031B6 /*  NavigationPushAction.swift */,
				1F41476CB6AAC088285701DD /*  PhoneAction.swift */,
				74954C9FAFA60DD01ED31480 /*  SlidingAction.swift */,
				7F4343C09EBEEDC7EB72BD5B /*  UriAction.swift */,
		 
			);
			path = Actions;
			sourceTree = "<group>";
		};
		5C04485DA39E257F4973FDED /* Analytics */ = {
			isa = PBXGroup;
			children = (
				9DE04ED6952E061E7268C6AE /*  Analytics.swift */,
				5E384EE087FEFE29FC809E54 /*  AnalyticsManager.swift */,
				750040D7A703D34CB8BE2C66 /*  Logger.swift */,
				48BF4C2DB5B38D3043BFFF88 /*  LoggerLevel.swift */,
		 
			);
			path = Analytics;
			sourceTree = "<group>";
		};
		43C448A3A5732D6EA60726CE /* Behaviors */ = {
			isa = PBXGroup;
			children = (
				CC824E78965959FF288CBC0F /*  Behavior.swift */,
				99904716BFF7C3C0AC397764 /*  CreateBehavior.swift */,
				846C48F8AAEEA605F97243E7 /*  FilterBehavior.swift */,
				18684329913FF66CBDFABCC0 /*  SearchBehavior.swift */,
				90924D3B881D477940E28E1B /*  UpdateBehavior.swift */,
				027646B6BA1D1173FF6AE0AF /*  DeleteBehavior.swift */,
				E77C4E21BFC357AEB2359F14 /*  ShareBehavior.swift */,
		 
			);
			path = Behaviors;
			sourceTree = "<group>";
		};
		BE6341E4866A2F353667D0A3 /* Charts */ = {
			isa = PBXGroup;
			children = (
		 
			);
			path = Charts;
			sourceTree = "<group>";
		};
		9AFA48368FE6897A22D6A764 /* Controllers */ = {
			isa = PBXGroup;
			children = (
				27CB4F90A7D10473075AE564 /*  CollectionViewController.swift */,
				C9E94652A111EDC74DCA254C /*  DataSetViewController.swift */,
				CA744D94B5CFDE2748853E0C /*  DataViewController.swift */,
				B5B748DA8550FCFEEBD202E8 /*  FilterViewController.swift */,
				2DF14596A6D13F087A6E9755 /*  FormViewController.swift */,
				90244E1093028EB384682123 /*  InputViewController.swift */,
				9F4C46F69332A7A39BA3676C /*  OptionsViewController.swift */,
				402246E083541C814552B1D6 /*  SimpleCollectionViewController.swift */,
				93AA4E3E83C665396D44A017 /*  SimpleTabBarController.swift */,
				854D41F88BEB167AF64863BC /*  StackViewController.swift */,
				285B47B9BD81238DBA874CDF /*  TableViewController.swift */,
		 
			);
			path = Controllers;
			sourceTree = "<group>";
		};
		ACD04B448B1E2923AB474AF5 /* Datasources */ = {
			isa = PBXGroup;
			children = (
				3A0F421882F79903EB4C5E7E /*  CloudDatasource.swift */,
				4E3042B4BE3ECF9A705EC594 /*  CloudDatasourceFilter.swift */,
				723845DFA9D06F99786C1220 /*  Datasource.swift */,
				1ACA48BA8FBC777B36D372AF /*  DatasourceFilter.swift */,
				E6CF4655AEB60CC4E18F857A /*  DatasourceOptions.swift */,
				900F4F288259AE263CB42EF1 /*  ExternalDatasource.swift */,
				25114CFC89516F3665BEB8CB /*  ExternalDatasourceFilter.swift */,
				C6D6468A8AC76C6EB2206FDC /*  HttpClient.swift */,
				273C40629F97556F06DC9078 /*  Item.swift */,
				3979431D8FD4FB54C098E579 /*  LocalDatasource.swift */,
				F26945BFBDFE8FEE62724939 /*  LocalDatasourceFilter.swift */,
		 
			);
			path = Datasources;
			sourceTree = "<group>";
		};
		8EBC4A40ABAE1E696F4E383C /* Models */ = {
			isa = PBXGroup;
			children = (
				4CE94E2B98502888103CD3BB /*  Annotation.swift */,
				79B540E88E9A6ACE4D942664 /*  DateRange.swift */,
				717B462C9CA62F99B6121681 /*  GeoPoint.swift */,
				0111421F90232E89E29B9BBE /*  MenuItem.swift */,
		 
			);
			path = Models;
			sourceTree = "<group>";
		};
		2C9F457D8A6FB8FC06F392C4 /* Utils */ = {
			isa = PBXGroup;
			children = (
				2C1142A79D6C14D536AC92C0 /*  ErrorManager.swift */,
				72804E69B10751781B0BFDDE /*  LocationManager.swift */,
				928046D88FA9A2176D1E1750 /*  NSDate+Additions.swift */,
				99B54BF18923C9B981F38F0E /*  NSString+Additions.swift */,
				8B5D4A95AA58A0F96FCF41FA /*  String+Additions.swift */,
				C01D4B4AADA2502E4E0C72CD /*  UIColor+Additions.swift */,
				B15E4E98840FE7F620752D4F /*  UIFont+Additions.swift */,
				9A8E4ACC8E011A9E30793FCC /*  UIImageView+Additions.swift */,
				02FA4ADEBDFC0C79A20E01B3 /*  UITextField+Additions.swift */,
				3B694D71BAE5388F50D51732 /*  UIView+Additions.swift */,
				DB8B44EF8898BCD14C07200D /*  UIViewController+Additions.swift */,
		 
			);
			path = Utils;
			sourceTree = "<group>";
		};
		B0CE4C55938E87C1EE0D03BB /* Views */ = {
			isa = PBXGroup;
			children = (
				7B0641E2BA6E0F83D2B15E59 /*  CollectionViewCell */,
				B4F741D8BF717A4888819909 /*  Fields */,
				757B46929DED6FCEA62FFBC8 /*  TableViewCell */,
				DACB4519A21A13D2433AE449 /*  ContainerView.swift */,
		 
			);
			path = Views;
			sourceTree = "<group>";
		};
		7B0641E2BA6E0F83D2B15E59 /* CollectionViewCell */ = {
			isa = PBXGroup;
			children = (
				ABE346D9B6D4B21DFBDBBC5F /*  MosaicCell.swift */,
				12CE40E9ADE63573DD941EC1 /*  PhotoCell.swift */,
		 
			);
			path = CollectionViewCell;
			sourceTree = "<group>";
		};
		B4F741D8BF717A4888819909 /* Fields */ = {
			isa = PBXGroup;
			children = (
				1D474F00B2893B663B493BF6 /*  BooleanField.swift */,
				3E9C43CCB41E507CF5C0B50A /*  DateField.swift */,
				19454C95A44628FD5A93080B /*  DateRangeField.swift */,
				C42C4D5CA6417ED4E14CF067 /*  DateRangeFilterField.swift */,
				7FD2427A8487363B4D44FF7E /*  DateTimeField.swift */,
				238B4294997F7AB76403DC95 /*  DecimalField.swift */,
				1B5243E8A16018137B7F4959 /*  Field.swift */,
				229540F39707E2C9837F8899 /*  FilterField.swift */,
				9A6B49049CC355E4B15BE584 /*  ImageField.swift */,
				9F0040BEB936DF154C12374F /*  ImageInputView.swift */,
				C2EB4EE3910E7A8B50032962 /*  IntegerField.swift */,
				6876411F90191D564D27DCC8 /*  LocationField.swift */,
				44054EA8B18EDA05721B0CCF /*  LocationInputView.swift */,
				845A4CD08A43EE4922A3932E /*  NumberFilterField.swift */,
				6B3E4A81885EFE7111917AD6 /*  OptionsField.swift */,
				2CDA45D8B123956BD4925069 /*  OptionsFilterField.swift */,
				363A404D9C67F80ADE28B915 /*  OptionsInputView.swift */,
				821F4D4D911F6C02EC30F952 /*  RangeInputView.swift */,
				C1EF4F91A77397C86318C611 /*  Rules.swift */,
				C4914F05922FB72289441552 /*  StringField.swift */,
				0B084576A094E24936D0AA12 /*  StringFilterField.swift */,
				EA264B2D83B4B56589F6D238 /*  SwitchInputView.swift */,
				8E484499A6B8401A3A70133A /*  TextInputView.swift */,
				844A472386D50862B2A093FE /*  TristateField.swift */,
				09594042809CAAE61A710411 /*  TristateInputView.swift */,
		 
			);
			path = Fields;
			sourceTree = "<group>";
		};
		757B46929DED6FCEA62FFBC8 /* TableViewCell */ = {
			isa = PBXGroup;
			children = (
				5B97435FB23DDC9AF810CD0F /*  BasicCell.swift */,
				E30244B698BDF517BEC8FE71 /*  BasicImageCell.swift */,
				59AD4BCAAE3B4469438F83E2 /*  DetailCell.swift */,
				A90947E19F585FE1C0F2B534 /*  DetailImageCell.swift */,
				925748728C309E5CFFC7A188 /*  InfoImageCell.swift */,
		 
			);
			path = TableViewCell;
			sourceTree = "<group>";
		};
/* End PBXGroup section */

/* Begin PBXNativeTarget section */
		BB8496831D3F74820093606A /* POWER */ = {
			isa = PBXNativeTarget;
			buildConfigurationList = BB8496AC1D3F74820093606A /* Build configuration list for PBXNativeTarget "POWER" */;
			buildPhases = (
				BB8496801D3F74820093606A /* Sources */,
				BB8496811D3F74820093606A /* Frameworks */,
				BB8496821D3F74820093606A /* Resources */,
			);
			buildRules = (
			);
			dependencies = (
			);
			name = POWER;
			productName = POWER;
			productReference = BB8496841D3F74820093606A /* POWER.app */;
			productType = "com.apple.product-type.application";
		};
		BB8496971D3F74820093606A /* POWERTests */ = {
			isa = PBXNativeTarget;
			buildConfigurationList = BB8496AF1D3F74820093606A /* Build configuration list for PBXNativeTarget "POWERTests" */;
			buildPhases = (
				BB8496941D3F74820093606A /* Sources */,
				BB8496951D3F74820093606A /* Frameworks */,
				BB8496961D3F74820093606A /* Resources */,
			);
			buildRules = (
			);
			dependencies = (
				BB84969A1D3F74820093606A /* PBXTargetDependency */,
			);
			name = POWERTests;
			productName = POWERTests;
			productReference = BB8496981D3F74820093606A /* POWERTests.xctest */;
			productType = "com.apple.product-type.bundle.unit-test";
		};
		BB8496A21D3F74820093606A /* POWERUITests */ = {
			isa = PBXNativeTarget;
			buildConfigurationList = BB8496B21D3F74820093606A /* Build configuration list for PBXNativeTarget "POWERUITests" */;
			buildPhases = (
				BB84969F1D3F74820093606A /* Sources */,
				BB8496A01D3F74820093606A /* Frameworks */,
				BB8496A11D3F74820093606A /* Resources */,
			);
			buildRules = (
			);
			dependencies = (
				BB8496A51D3F74820093606A /* PBXTargetDependency */,
			);
			name = POWERUITests;
			productName = POWERUITests;
			productReference = BB8496A31D3F74820093606A /* POWERUITests.xctest */;
			productType = "com.apple.product-type.bundle.ui-testing";
		};
/* End PBXNativeTarget section */

/* Begin PBXProject section */
		BB84967C1D3F74820093606A /* Project object */ = {
			isa = PBXProject;
			attributes = {
				LastSwiftUpdateCheck = 0730;
				LastUpgradeCheck = 0800;
				ORGANIZATIONNAME = "Icinetic S.L.";
				TargetAttributes = {
					BB8496831D3F74820093606A = {
						CreatedOnToolsVersion = 7.3.1;
						
					};
					BB8496971D3F74820093606A = {
						CreatedOnToolsVersion = 7.3.1;
						TestTargetID = BB8496831D3F74820093606A;
					};
					BB8496A21D3F74820093606A = {
						CreatedOnToolsVersion = 7.3.1;
						TestTargetID = BB8496831D3F74820093606A;
					};
				};
			};
			buildConfigurationList = BB84967F1D3F74820093606A /* Build configuration list for PBXProject "POWER" */;
			compatibilityVersion = "Xcode 3.2";
			developmentRegion = English;
			hasScannedForEncodings = 0;
			knownRegions = (
				en,
				Base,
			);
			mainGroup = BB84967B1D3F74820093606A;
			productRefGroup = BB8496851D3F74820093606A /* Products */;
			projectDirPath = "";
			projectRoot = "";
			targets = (
				BB8496831D3F74820093606A /* POWER */,
				BB8496971D3F74820093606A /* POWERTests */,
				BB8496A21D3F74820093606A /* POWERUITests */,
			);
		};
/* End PBXProject section */

/* Begin PBXResourcesBuildPhase section */
		BB8496821D3F74820093606A /* Resources */ = {
			isa = PBXResourcesBuildPhase;
			buildActionMask = 2147483647;
			files = (
				BB8496921D3F74820093606A /* LaunchScreen.storyboard in Resources */,
				BB84968F1D3F74820093606A /* Assets.xcassets in Resources */,
				28AC4CB49D18B251294F8742 /* EmptyDatasource.plist in Resources */,
			);
			runOnlyForDeploymentPostprocessing = 0;
		};
		BB8496961D3F74820093606A /* Resources */ = {
			isa = PBXResourcesBuildPhase;
			buildActionMask = 2147483647;
			files = (
			);
			runOnlyForDeploymentPostprocessing = 0;
		};
		BB8496A11D3F74820093606A /* Resources */ = {
			isa = PBXResourcesBuildPhase;
			buildActionMask = 2147483647;
			files = (
			);
			runOnlyForDeploymentPostprocessing = 0;
		};
/* End PBXResourcesBuildPhase section */

/* Begin PBXSourcesBuildPhase section */
		BB8496801D3F74820093606A /* Sources */ = {
			isa = PBXSourcesBuildPhase;
			buildActionMask = 2147483647;
			files = (
				D2914BD496D36939CB48694B /* ContactInformationViewController.swift in Sources */,
				2B4B4C879C012A367527C920 /* EmployeesDetailViewController.swift in Sources */,
				49F54BAFB78E31035A70564A /* EmployeesFilterViewController.swift in Sources */,
				B88E443096277D0108759254 /* EmployeesFormViewController.swift in Sources */,
				BC3F45EAB328CDC65C7812E0 /* EmployeesViewController.swift in Sources */,
				FDAF4DFB9D41A16D309D672A /* MainMenuViewController.swift in Sources */,
				C047444BB57427626C083E66 /* MenuViewController.swift in Sources */,
				9F674F56AD1F1A42AF03ED2A /* NewsDetailViewController.swift in Sources */,
				4FF84673968610AE3A862300 /* NewsViewController.swift in Sources */,
				E93149668B5185C71BAF162B /* StatusDetailViewController.swift in Sources */,
				F5124A71A6F15AC860135E0A /* StatusFilterViewController.swift in Sources */,
				2695483796D4D43511885B35 /* StatusFormViewController.swift in Sources */,
				E270407BB0D46F95ECCAA6C5 /* StatusViewController.swift in Sources */,
				B55D4170890A46E6949DF206 /* DatasourceConfig.swift in Sources */,
				F46745C583BDD500FD4FDF3F /* DatasourceManager.swift in Sources */,
				8F2D455E970660979EC19724 /* EmployeesDBDSItem.swift in Sources */,
				8B6E4FA39EEA8704CC67FDA9 /* Item1.swift in Sources */,
				3A35428FA2E251630896DDA6 /* NewsScreen1DSItem.swift in Sources */,
				2E7C4C4BB97118E04362BCF9 /* StatusScreen1DSItem.swift in Sources */,
				76DD40A19AF1608A2C23224A /* Action.swift in Sources */,
				2094428B9715D27648164978 /* LinkAction.swift in Sources */,
				A0FC442A989995760EBF5CD1 /* MailAction.swift in Sources */,
				954F40F3AEC8FA220B4AE450 /* MapAction.swift in Sources */,
				782641FD8E1E33D546D17A2D /* NavigationAction.swift in Sources */,
				FDDB4293A250BB6164E87520 /* NavigationPushAction.swift in Sources */,
				62704A28A020C69A84335D40 /* PhoneAction.swift in Sources */,
				AB1B4BDD8E4C3DBCDAF614A4 /* SlidingAction.swift in Sources */,
				C9CD4AD2B936D6495BF96876 /* UriAction.swift in Sources */,
				1C2F473382C1AE706F20F662 /* Analytics.swift in Sources */,
				20C947E5869606E171C4C7F2 /* AnalyticsManager.swift in Sources */,
				EBD0457C9CEE227B68733AAE /* Logger.swift in Sources */,
				FAAA47498442E59A5B51B310 /* LoggerLevel.swift in Sources */,
				219F419EB2188C2332C7CE87 /* Behavior.swift in Sources */,
				45884724A77A7734434E5395 /* CreateBehavior.swift in Sources */,
				44604EB0BD47F3EA5553920B /* FilterBehavior.swift in Sources */,
				178C461E801231A46AAF632F /* SearchBehavior.swift in Sources */,
				55CB40C49A6F3C44B9F4D0DD /* UpdateBehavior.swift in Sources */,
				3A654AEFA737F9B35BCB3015 /* DeleteBehavior.swift in Sources */,
				62394FCBAA43441158B6F547 /* ShareBehavior.swift in Sources */,
				C72D4CCB8BFB9F3E9B8755DC /* CollectionViewController.swift in Sources */,
				42E64998836178172C75C74D /* DataSetViewController.swift in Sources */,
				C2C149BF9F71F37CEEC1600A /* DataViewController.swift in Sources */,
				352F4245A252E74F43CE5CDC /* FilterViewController.swift in Sources */,
				250849CCB94413779CA9ADCF /* FormViewController.swift in Sources */,
				A35841AF934C3EA7D351C401 /* InputViewController.swift in Sources */,
				F6B0449995C49D8BC421A009 /* OptionsViewController.swift in Sources */,
				2A6D4E1EBCEF90D36E8B0EB5 /* SimpleCollectionViewController.swift in Sources */,
				7C324DD98D397CF1E66D6D56 /* SimpleTabBarController.swift in Sources */,
				9B9F4FF1A11909D2E32C10B7 /* StackViewController.swift in Sources */,
				9E65431AB6C226792F43B4DC /* TableViewController.swift in Sources */,
				7B654B539023555BDA7D9B57 /* CloudDatasource.swift in Sources */,
				3A534494A4D6C23C7C5FB47F /* CloudDatasourceFilter.swift in Sources */,
				CC494743862D715C418F1797 /* Datasource.swift in Sources */,
				C7524B9BA9EB03D4468D7208 /* DatasourceFilter.swift in Sources */,
				60214F6090DCD4332FAD217B /* DatasourceOptions.swift in Sources */,
				6DE94BD295A83C6C3B83D6B5 /* ExternalDatasource.swift in Sources */,
				93D94908A571FBBEBDF268C1 /* ExternalDatasourceFilter.swift in Sources */,
				2FC44462B037D96F77AE84C8 /* HttpClient.swift in Sources */,
				EA524A59A75FADD00197FF17 /* Item.swift in Sources */,
				92F648A5ADF53006B7B2E11D /* LocalDatasource.swift in Sources */,
				364E4934985393D45F55902D /* LocalDatasourceFilter.swift in Sources */,
				2CC841878B5BA8078EE9D05B /* Annotation.swift in Sources */,
				5E8C4DB39986EA453E8E94F3 /* DateRange.swift in Sources */,
				D9114285AC9A8B2D24E9D279 /* GeoPoint.swift in Sources */,
				EB4A4B8B85B5B270AD056DCD /* MenuItem.swift in Sources */,
				01DC46B5A8F3E2BA3D2F32B5 /* ErrorManager.swift in Sources */,
				F0DB49E781F2A50E6955B06A /* LocationManager.swift in Sources */,
				7E534467B80D16FE9EEEF3B1 /* NSDate+Additions.swift in Sources */,
				027944EA9E8715B783A3972B /* NSString+Additions.swift in Sources */,
				7A2C42D4B5123DA34B60BC82 /* String+Additions.swift in Sources */,
				B9F84DDA87DF998EC6F99511 /* UIColor+Additions.swift in Sources */,
				4CA349559BF98AF64DB4EA75 /* UIFont+Additions.swift in Sources */,
				29404DF29CB9F20B19236278 /* UIImageView+Additions.swift in Sources */,
				402E4EBDA6C0414EC3A2AAA0 /* UITextField+Additions.swift in Sources */,
				744E4C1BBC47700B26DAF76A /* UIView+Additions.swift in Sources */,
				D6174D728D72562544FB421B /* UIViewController+Additions.swift in Sources */,
				99834DDB91819CEF96817DC7 /* ContainerView.swift in Sources */,
				151A49E7B45AC1B6D061D16F /* MosaicCell.swift in Sources */,
				935D4DADB4C0EC6142762717 /* PhotoCell.swift in Sources */,
				141F478EA5011A6ABA13D45B /* BooleanField.swift in Sources */,
				97354A29B28BF83B14AD0750 /* DateField.swift in Sources */,
				E8A14757ACF414AF7E9FE3C7 /* DateRangeField.swift in Sources */,
				3B594088ADBC7A103730DC8C /* DateRangeFilterField.swift in Sources */,
				EF6546DD9665B3519497B6F3 /* DateTimeField.swift in Sources */,
				946343C9887BC4372413F298 /* DecimalField.swift in Sources */,
				D2A94499BC2055FED7252F84 /* Field.swift in Sources */,
				EA6942CDB1BBBEBE93C7FF89 /* FilterField.swift in Sources */,
				2DD440C787F452B9FCA96A3E /* ImageField.swift in Sources */,
				B8014B3AAE57B7AEE9C2F518 /* ImageInputView.swift in Sources */,
				F0A549F4A87087F7111E4223 /* IntegerField.swift in Sources */,
				2E0246C8B50BC84E82EAD9C6 /* LocationField.swift in Sources */,
				B4F94359A1FFF3EFC1F04824 /* LocationInputView.swift in Sources */,
				6F114888AFFCAAC319033CE1 /* NumberFilterField.swift in Sources */,
				519448D48291E82147F9A457 /* OptionsField.swift in Sources */,
				8C754641A8EFD4D92096A30D /* OptionsFilterField.swift in Sources */,
				F87A4D8C86CD724268E28655 /* OptionsInputView.swift in Sources */,
				53FB4BCDA1526D04D9A1D6BF /* RangeInputView.swift in Sources */,
				4C334EBD8B31023EFD129884 /* Rules.swift in Sources */,
				948648B69259646DA6C1FA54 /* StringField.swift in Sources */,
				030041DA8368086B0F7AE88F /* StringFilterField.swift in Sources */,
				B3B848589BD09B0592531779 /* SwitchInputView.swift in Sources */,
				191345719CAC88DAAB2E1363 /* TextInputView.swift in Sources */,
				F0C9439A97DB1188A1A43BA3 /* TristateField.swift in Sources */,
				EB8649D5B15284B6AE7C0375 /* TristateInputView.swift in Sources */,
				4B3441DEA0FFF0CF449E9460 /* BasicCell.swift in Sources */,
				0FE044B29A5F5A8029246644 /* BasicImageCell.swift in Sources */,
				185846ECA89AB7A75B47FDE1 /* DetailCell.swift in Sources */,
				90404664ACFCAB7DB27E4E66 /* DetailImageCell.swift in Sources */,
				675B4C08985F211D5ED5B729 /* InfoImageCell.swift in Sources */,
				646F45ABA6C709D0DF985430 /* AppDelegate.swift in Sources */,
				6FCB4A6089ED8FEA04546771 /* MainNavigation.swift in Sources */,
				1DE5421DB7DBC426F59AF440 /* Style.swift in Sources */,
				1F8640E0B1BBDB494AB5B0D5 /* StyleConfig.swift in Sources */,
					
			);
			runOnlyForDeploymentPostprocessing = 0;
		};
		BB8496941D3F74820093606A /* Sources */ = {
			isa = PBXSourcesBuildPhase;
			buildActionMask = 2147483647;
			files = (
				BB84969D1D3F74820093606A /* POWERTests.swift in Sources */,
			);
			runOnlyForDeploymentPostprocessing = 0;
		};
		BB84969F1D3F74820093606A /* Sources */ = {
			isa = PBXSourcesBuildPhase;
			buildActionMask = 2147483647;
			files = (
				BB8496A81D3F74820093606A /* POWERUITests.swift in Sources */,
			);
			runOnlyForDeploymentPostprocessing = 0;
		};
/* End PBXSourcesBuildPhase section */

/* Begin PBXTargetDependency section */
		BB84969A1D3F74820093606A /* PBXTargetDependency */ = {
			isa = PBXTargetDependency;
			target = BB8496831D3F74820093606A /* POWER */;
			targetProxy = BB8496991D3F74820093606A /* PBXContainerItemProxy */;
		};
		BB8496A51D3F74820093606A /* PBXTargetDependency */ = {
			isa = PBXTargetDependency;
			target = BB8496831D3F74820093606A /* POWER */;
			targetProxy = BB8496A41D3F74820093606A /* PBXContainerItemProxy */;
		};
/* End PBXTargetDependency section */

/* Begin PBXVariantGroup section */
		BB8496901D3F74820093606A /* LaunchScreen.storyboard */ = {
			isa = PBXVariantGroup;
			children = (
				BB8496911D3F74820093606A /* Base */,
			);
			name = LaunchScreen.storyboard;
			sourceTree = "<group>";
		};
/* End PBXVariantGroup section */

/* Begin XCBuildConfiguration section */
		BB8496AA1D3F74820093606A /* Debug */ = {
			isa = XCBuildConfiguration;
			buildSettings = {
				ALWAYS_SEARCH_USER_PATHS = NO;
				CLANG_ANALYZER_NONNULL = YES;
				CLANG_CXX_LANGUAGE_STANDARD = "gnu++0x";
				CLANG_CXX_LIBRARY = "libc++";
				CLANG_ENABLE_MODULES = YES;
				CLANG_ENABLE_OBJC_ARC = YES;
				CLANG_WARN_BOOL_CONVERSION = YES;
				CLANG_WARN_CONSTANT_CONVERSION = YES;
				CLANG_WARN_DIRECT_OBJC_ISA_USAGE = YES_ERROR;
				CLANG_WARN_EMPTY_BODY = YES;
				CLANG_WARN_ENUM_CONVERSION = YES;
				CLANG_WARN_INFINITE_RECURSION = YES;
				CLANG_WARN_INT_CONVERSION = YES;
				CLANG_WARN_OBJC_ROOT_CLASS = YES_ERROR;
				CLANG_WARN_SUSPICIOUS_MOVE = YES;
				CLANG_WARN_UNREACHABLE_CODE = YES;
				CLANG_WARN__DUPLICATE_METHOD_MATCH = YES;
				"CODE_SIGN_IDENTITY[sdk=iphoneos*]" = "iPhone Developer";
				COPY_PHASE_STRIP = NO;
				DEBUG_INFORMATION_FORMAT = dwarf;
				ENABLE_STRICT_OBJC_MSGSEND = YES;
				ENABLE_TESTABILITY = YES;
				GCC_C_LANGUAGE_STANDARD = gnu99;
				GCC_DYNAMIC_NO_PIC = NO;
				GCC_NO_COMMON_BLOCKS = YES;
				GCC_OPTIMIZATION_LEVEL = 0;
				GCC_PREPROCESSOR_DEFINITIONS = (
					"DEBUG=1",
					"$(inherited)",
				);
				GCC_WARN_64_TO_32_BIT_CONVERSION = YES;
				GCC_WARN_ABOUT_RETURN_TYPE = YES_ERROR;
				GCC_WARN_UNDECLARED_SELECTOR = YES;
				GCC_WARN_UNINITIALIZED_AUTOS = YES_AGGRESSIVE;
				GCC_WARN_UNUSED_FUNCTION = YES;
				GCC_WARN_UNUSED_VARIABLE = YES;
				IPHONEOS_DEPLOYMENT_TARGET = 8.0;
				MTL_ENABLE_DEBUG_INFO = YES;
				ONLY_ACTIVE_ARCH = YES;
				SDKROOT = iphoneos;
				SWIFT_OPTIMIZATION_LEVEL = "-Onone";
				SWIFT_VERSION = 2.3;
				TARGETED_DEVICE_FAMILY = "1,2";
			};
			name = Debug;
		};
		BB8496AB1D3F74820093606A /* Release */ = {
			isa = XCBuildConfiguration;
			buildSettings = {
				ALWAYS_SEARCH_USER_PATHS = NO;
				CLANG_ANALYZER_NONNULL = YES;
				CLANG_CXX_LANGUAGE_STANDARD = "gnu++0x";
				CLANG_CXX_LIBRARY = "libc++";
				CLANG_ENABLE_MODULES = YES;
				CLANG_ENABLE_OBJC_ARC = YES;
				CLANG_WARN_BOOL_CONVERSION = YES;
				CLANG_WARN_CONSTANT_CONVERSION = YES;
				CLANG_WARN_DIRECT_OBJC_ISA_USAGE = YES_ERROR;
				CLANG_WARN_EMPTY_BODY = YES;
				CLANG_WARN_ENUM_CONVERSION = YES;
				CLANG_WARN_INFINITE_RECURSION = YES;
				CLANG_WARN_INT_CONVERSION = YES;
				CLANG_WARN_OBJC_ROOT_CLASS = YES_ERROR;
				CLANG_WARN_SUSPICIOUS_MOVE = YES;
				CLANG_WARN_UNREACHABLE_CODE = YES;
				CLANG_WARN__DUPLICATE_METHOD_MATCH = YES;
				"CODE_SIGN_IDENTITY[sdk=iphoneos*]" = "iPhone Distribution";
				COPY_PHASE_STRIP = NO;
				DEBUG_INFORMATION_FORMAT = "dwarf-with-dsym";
				ENABLE_NS_ASSERTIONS = NO;
				ENABLE_STRICT_OBJC_MSGSEND = YES;
				GCC_C_LANGUAGE_STANDARD = gnu99;
				GCC_NO_COMMON_BLOCKS = YES;
				GCC_OPTIMIZATION_LEVEL = 0;
				GCC_WARN_64_TO_32_BIT_CONVERSION = YES;
				GCC_WARN_ABOUT_RETURN_TYPE = YES_ERROR;
				GCC_WARN_UNDECLARED_SELECTOR = YES;
				GCC_WARN_UNINITIALIZED_AUTOS = YES_AGGRESSIVE;
				GCC_WARN_UNUSED_FUNCTION = YES;
				GCC_WARN_UNUSED_VARIABLE = YES;
				IPHONEOS_DEPLOYMENT_TARGET = 8.0;
				MTL_ENABLE_DEBUG_INFO = NO;
				SDKROOT = iphoneos;
				SWIFT_OPTIMIZATION_LEVEL = "-Owholemodule";
				SWIFT_VERSION = 2.3;
				TARGETED_DEVICE_FAMILY = "1,2";
				VALIDATE_PRODUCT = YES;
			};
			name = Release;
		};
		BB8496AD1D3F74820093606A /* Debug */ = {
			isa = XCBuildConfiguration;
			buildSettings = {
				ALWAYS_EMBED_SWIFT_STANDARD_LIBRARIES = YES;
				ASSETCATALOG_COMPILER_APPICON_NAME = AppIcon;
				
				ENABLE_BITCODE = YES;
				INFOPLIST_FILE = POWER/Info.plist;
				LD_RUNPATH_SEARCH_PATHS = "$(inherited) @executable_path/Frameworks";
				OTHER_SWIFT_FLAGS = "$(inherited) -Xfrontend -debug-time-function-bodies";
				PRODUCT_BUNDLE_IDENTIFIER = com.ibm.mobileappbuilder.employeesdirectory20150916145522;
				PRODUCT_NAME = "$(TARGET_NAME)";
				SWIFT_VERSION = 2.3;
			};
			name = Debug;
		};
		BB8496AE1D3F74820093606A /* Release */ = {
			isa = XCBuildConfiguration;
			buildSettings = {
				ALWAYS_EMBED_SWIFT_STANDARD_LIBRARIES = YES;
				ASSETCATALOG_COMPILER_APPICON_NAME = AppIcon;
	
				ENABLE_BITCODE = YES;
				INFOPLIST_FILE = POWER/Info.plist;
				LD_RUNPATH_SEARCH_PATHS = "$(inherited) @executable_path/Frameworks";
				OTHER_SWIFT_FLAGS = "$(inherited) -Xfrontend -debug-time-function-bodies";
				PRODUCT_BUNDLE_IDENTIFIER = com.ibm.mobileappbuilder.employeesdirectory20150916145522;
				PRODUCT_NAME = "$(TARGET_NAME)";
				SWIFT_VERSION = 2.3;
			};
			name = Release;
		};
		BB8496B01D3F74820093606A /* Debug */ = {
			isa = XCBuildConfiguration;
			buildSettings = {
				BUNDLE_LOADER = "$(TEST_HOST)";
				INFOPLIST_FILE = POWERTests/Info.plist;
				LD_RUNPATH_SEARCH_PATHS = "$(inherited) @executable_path/Frameworks @loader_path/Frameworks";
				PRODUCT_BUNDLE_IDENTIFIER = com.ibm.mobileappbuilder.employeesdirectory20150916145522;
				PRODUCT_NAME = "$(TARGET_NAME)";
				SWIFT_VERSION = 2.3;
				TEST_HOST = "$(BUILT_PRODUCTS_DIR)/POWER.app/POWER";
			};
			name = Debug;
		};
		BB8496B11D3F74820093606A /* Release */ = {
			isa = XCBuildConfiguration;
			buildSettings = {
				BUNDLE_LOADER = "$(TEST_HOST)";
				INFOPLIST_FILE = POWERTests/Info.plist;
				LD_RUNPATH_SEARCH_PATHS = "$(inherited) @executable_path/Frameworks @loader_path/Frameworks";
				PRODUCT_BUNDLE_IDENTIFIER = com.ibm.mobileappbuilder.employeesdirectory20150916145522;
				PRODUCT_NAME = "$(TARGET_NAME)";
				SWIFT_VERSION = 2.3;
				TEST_HOST = "$(BUILT_PRODUCTS_DIR)/POWER.app/POWER";
			};
			name = Release;
		};
		BB8496B31D3F74820093606A /* Debug */ = {
			isa = XCBuildConfiguration;
			buildSettings = {
				INFOPLIST_FILE = POWERUITests/Info.plist;
				LD_RUNPATH_SEARCH_PATHS = "$(inherited) @executable_path/Frameworks @loader_path/Frameworks";
				PRODUCT_BUNDLE_IDENTIFIER = POWER.POWER;
				PRODUCT_NAME = "$(TARGET_NAME)";
				SWIFT_VERSION = 2.3;
				TEST_TARGET_NAME = POWER;
			};
			name = Debug;
		};
		BB8496B41D3F74820093606A /* Release */ = {
			isa = XCBuildConfiguration;
			buildSettings = {
				INFOPLIST_FILE = POWERUITests/Info.plist;
				LD_RUNPATH_SEARCH_PATHS = "$(inherited) @executable_path/Frameworks @loader_path/Frameworks";
				PRODUCT_BUNDLE_IDENTIFIER = com.ibm.mobileappbuilder.employeesdirectory20150916145522;
				PRODUCT_NAME = "$(TARGET_NAME)";
				SWIFT_VERSION = 2.3;
				TEST_TARGET_NAME = POWER;
			};
			name = Release;
		};
/* End XCBuildConfiguration section */

/* Begin XCConfigurationList section */
		BB84967F1D3F74820093606A /* Build configuration list for PBXProject "POWER" */ = {
			isa = XCConfigurationList;
			buildConfigurations = (
				BB8496AA1D3F74820093606A /* Debug */,
				BB8496AB1D3F74820093606A /* Release */,
			);
			defaultConfigurationIsVisible = 0;
			defaultConfigurationName = Release;
		};
		BB8496AC1D3F74820093606A /* Build configuration list for PBXNativeTarget "POWER" */ = {
			isa = XCConfigurationList;
			buildConfigurations = (
				BB8496AD1D3F74820093606A /* Debug */,
				BB8496AE1D3F74820093606A /* Release */,
			);
			defaultConfigurationIsVisible = 0;
			defaultConfigurationName = Release;
		};
		BB8496AF1D3F74820093606A /* Build configuration list for PBXNativeTarget "POWERTests" */ = {
			isa = XCConfigurationList;
			buildConfigurations = (
				BB8496B01D3F74820093606A /* Debug */,
				BB8496B11D3F74820093606A /* Release */,
			);
			defaultConfigurationIsVisible = 0;
			defaultConfigurationName = Release;
		};
		BB8496B21D3F74820093606A /* Build configuration list for PBXNativeTarget "POWERUITests" */ = {
			isa = XCConfigurationList;
			buildConfigurations = (
				BB8496B31D3F74820093606A /* Debug */,
				BB8496B41D3F74820093606A /* Release */,
			);
			defaultConfigurationIsVisible = 0;
			defaultConfigurationName = Release;
		};
/* End XCConfigurationList section */
	};
	rootObject = BB84967C1D3F74820093606A /* Project object */;
}
